
Microsoft Visual Studio Solution File, Format Version 12.00
# Visual Studio Version 17
VisualStudioVersion = 17.0.32014.148
MinimumVisualStudioVersion = 10.0.40219.1
Project("{FAE04EC0-301F-11D3-BF4B-00C04F79EFBC}") = "WP", "WP\WP.csproj", "{76DC4A8B-37C2-43C4-9D0C-82D6EA8B6519}"
EndProject
Project("{2150E333-8FDC-42A3-9474-1A3956D46DE8}") = "Solution Items", "Solution Items", "{39B9851C-28A4-46D9-9BC7-5A3E0731D90D}"
	ProjectSection(SolutionItems) = preProject
		ReadMe.txt = ReadMe.txt
	EndProjectSection
EndProject
Project("{FAE04EC0-301F-11D3-BF4B-00C04F79EFBC}") = "TestProject", "TestProject\TestProject.csproj", "{B1785ADE-2377-4CB8-90F9-99C5CE92E1FA}"
EndProject
Global
	GlobalSection(SolutionConfigurationPlatforms) = preSolution
		Debug|Any CPU = Debug|Any CPU
		Release|Any CPU = Release|Any CPU
	EndGlobalSection
	GlobalSection(ProjectConfigurationPlatforms) = postSolution
		{76DC4A8B-37C2-43C4-9D0C-82D6EA8B6519}.Debug|Any CPU.ActiveCfg = Debug|Any CPU
		{76DC4A8B-37C2-43C4-9D0C-82D6EA8B6519}.Debug|Any CPU.Build.0 = Debug|Any CPU
		{76DC4A8B-37C2-43C4-9D0C-82D6EA8B6519}.Release|Any CPU.ActiveCfg = Release|Any CPU
		{76DC4A8B-37C2-43C4-9D0C-82D6EA8B6519}.Release|Any CPU.Build.0 = Release|Any CPU
		{B1785ADE-2377-4CB8-90F9-99C5CE92E1FA}.Debug|Any CPU.ActiveCfg = Debug|Any CPU
		{B1785ADE-2377-4CB8-90F9-99C5CE92E1FA}.Debug|Any CPU.Build.0 = Debug|Any CPU
		{B1785ADE-2377-4CB8-90F9-99C5CE92E1FA}.Release|Any CPU.ActiveCfg = Release|Any CPU
		{B1785ADE-2377-4CB8-90F9-99C5CE92E1FA}.Release|Any CPU.Build.0 = Release|Any CPU
	EndGlobalSection
	GlobalSection(SolutionProperties) = preSolution
		HideSolutionNode = FALSE
	EndGlobalSection
	GlobalSection(ExtensibilityGlobals) = postSolution
		SolutionGuid = {0CEFE445-59D9-4933-BA1E-A6D74553FE03}
	EndGlobalSection
EndGlobal
